
Microsoft Visual Studio Solution File, Format Version 12.00
# Visual Studio Version 17
VisualStudioVersion = 17.7.34009.444
MinimumVisualStudioVersion = 10.0.40219.1
Project("{FAE04EC0-301F-11D3-BF4B-00C04F79EFBC}") = "asp.net test", "asp.net test\asp.net test.csproj", "{BDCE211E-D78E-44A3-BF5A-56F2FE6060FB}"
EndProject
Global
	GlobalSection(SolutionConfigurationPlatforms) = preSolution
		Debug|Any CPU = Debug|Any CPU
		Release|Any CPU = Release|Any CPU
	EndGlobalSection
	GlobalSection(ProjectConfigurationPlatforms) = postSolution
		{BDCE211E-D78E-44A3-BF5A-56F2FE6060FB}.Debug|Any CPU.ActiveCfg = Debug|Any CPU
		{BDCE211E-D78E-44A3-BF5A-56F2FE6060FB}.Debug|Any CPU.Build.0 = Debug|Any CPU
		{BDCE211E-D78E-44A3-BF5A-56F2FE6060FB}.Release|Any CPU.ActiveCfg = Release|Any CPU
		{BDCE211E-D78E-44A3-BF5A-56F2FE6060FB}.Release|Any CPU.Build.0 = Release|Any CPU
	EndGlobalSection
	GlobalSection(SolutionProperties) = preSolution
		HideSolutionNode = FALSE
	EndGlobalSection
	GlobalSection(ExtensibilityGlobals) = postSolution
		SolutionGuid = {453011D2-E4F3-4425-BA98-2DBA5564EE79}
	EndGlobalSection
EndGlobal
