
Microsoft Visual Studio Solution File, Format Version 12.00
# Visual Studio Version 17
VisualStudioVersion = 17.7.34031.279
MinimumVisualStudioVersion = 10.0.40219.1
Project("{FAE04EC0-301F-11D3-BF4B-00C04F79EFBC}") = "WS_CSDL", "WS_CSDL\WS_CSDL.csproj", "{4BC4E103-EDF7-4411-B52B-A94F29957815}"
EndProject
Global
	GlobalSection(SolutionConfigurationPlatforms) = preSolution
		Debug|Any CPU = Debug|Any CPU
		Release|Any CPU = Release|Any CPU
	EndGlobalSection
	GlobalSection(ProjectConfigurationPlatforms) = postSolution
		{4BC4E103-EDF7-4411-B52B-A94F29957815}.Debug|Any CPU.ActiveCfg = Debug|Any CPU
		{4BC4E103-EDF7-4411-B52B-A94F29957815}.Debug|Any CPU.Build.0 = Debug|Any CPU
		{4BC4E103-EDF7-4411-B52B-A94F29957815}.Release|Any CPU.ActiveCfg = Release|Any CPU
		{4BC4E103-EDF7-4411-B52B-A94F29957815}.Release|Any CPU.Build.0 = Release|Any CPU
	EndGlobalSection
	GlobalSection(SolutionProperties) = preSolution
		HideSolutionNode = FALSE
	EndGlobalSection
	GlobalSection(ExtensibilityGlobals) = postSolution
		SolutionGuid = {F2DA90C7-4AA9-41D7-8EE0-1AD8EECC5BD8}
	EndGlobalSection
EndGlobal
