
Microsoft Visual Studio Solution File, Format Version 12.00
# Visual Studio Version 17
VisualStudioVersion = 17.7.34009.444
MinimumVisualStudioVersion = 10.0.40219.1
Project("{FAE04EC0-301F-11D3-BF4B-00C04F79EFBC}") = "thuc hanh 1", "thuc hanh 1\thuc hanh 1.csproj", "{15DA8327-92EA-48DA-805E-962493743150}"
EndProject
Global
	GlobalSection(SolutionConfigurationPlatforms) = preSolution
		Debug|Any CPU = Debug|Any CPU
		Release|Any CPU = Release|Any CPU
	EndGlobalSection
	GlobalSection(ProjectConfigurationPlatforms) = postSolution
		{15DA8327-92EA-48DA-805E-962493743150}.Debug|Any CPU.ActiveCfg = Debug|Any CPU
		{15DA8327-92EA-48DA-805E-962493743150}.Debug|Any CPU.Build.0 = Debug|Any CPU
		{15DA8327-92EA-48DA-805E-962493743150}.Release|Any CPU.ActiveCfg = Release|Any CPU
		{15DA8327-92EA-48DA-805E-962493743150}.Release|Any CPU.Build.0 = Release|Any CPU
	EndGlobalSection
	GlobalSection(SolutionProperties) = preSolution
		HideSolutionNode = FALSE
	EndGlobalSection
	GlobalSection(ExtensibilityGlobals) = postSolution
		SolutionGuid = {6D997288-FB93-4BC8-A8D0-E1D0C7F687E3}
	EndGlobalSection
EndGlobal
