
Microsoft Visual Studio Solution File, Format Version 12.00
# Visual Studio Version 16
VisualStudioVersion = 16.0.34407.143
MinimumVisualStudioVersion = 10.0.40219.1
Project("{FAE04EC0-301F-11D3-BF4B-00C04F79EFBC}") = "maytinh_nguyenhuycuong", "maytinh_nguyenhuycuong\maytinh_nguyenhuycuong.csproj", "{92BE6A7B-AF10-49A4-91F4-83AF61EF17E0}"
EndProject
Global
	GlobalSection(SolutionConfigurationPlatforms) = preSolution
		Debug|Any CPU = Debug|Any CPU
		Release|Any CPU = Release|Any CPU
	EndGlobalSection
	GlobalSection(ProjectConfigurationPlatforms) = postSolution
		{92BE6A7B-AF10-49A4-91F4-83AF61EF17E0}.Debug|Any CPU.ActiveCfg = Debug|Any CPU
		{92BE6A7B-AF10-49A4-91F4-83AF61EF17E0}.Debug|Any CPU.Build.0 = Debug|Any CPU
		{92BE6A7B-AF10-49A4-91F4-83AF61EF17E0}.Release|Any CPU.ActiveCfg = Release|Any CPU
		{92BE6A7B-AF10-49A4-91F4-83AF61EF17E0}.Release|Any CPU.Build.0 = Release|Any CPU
	EndGlobalSection
	GlobalSection(SolutionProperties) = preSolution
		HideSolutionNode = FALSE
	EndGlobalSection
	GlobalSection(ExtensibilityGlobals) = postSolution
		SolutionGuid = {3A91891F-9EFB-4036-868F-8F37A0935260}
	EndGlobalSection
EndGlobal
